
Microsoft Visual Studio Solution File, Format Version 12.00
# Visual Studio Version 17
VisualStudioVersion = 17.5.33502.453
MinimumVisualStudioVersion = 10.0.40219.1
Project("{FAE04EC0-301F-11D3-BF4B-00C04F79EFBC}") = "2048", "2048\2048.csproj", "{0C466C54-0580-4EEB-99E0-0DCB7B5E3B4B}"
EndProject
Global
	GlobalSection(SolutionConfigurationPlatforms) = preSolution
		Debug|Any CPU = Debug|Any CPU
		Release|Any CPU = Release|Any CPU
	EndGlobalSection
	GlobalSection(ProjectConfigurationPlatforms) = postSolution
		{0C466C54-0580-4EEB-99E0-0DCB7B5E3B4B}.Debug|Any CPU.ActiveCfg = Debug|Any CPU
		{0C466C54-0580-4EEB-99E0-0DCB7B5E3B4B}.Debug|Any CPU.Build.0 = Debug|Any CPU
		{0C466C54-0580-4EEB-99E0-0DCB7B5E3B4B}.Release|Any CPU.ActiveCfg = Release|Any CPU
		{0C466C54-0580-4EEB-99E0-0DCB7B5E3B4B}.Release|Any CPU.Build.0 = Release|Any CPU
	EndGlobalSection
	GlobalSection(SolutionProperties) = preSolution
		HideSolutionNode = FALSE
	EndGlobalSection
	GlobalSection(ExtensibilityGlobals) = postSolution
		SolutionGuid = {2E5CD341-01FF-4A97-A866-02189D8239D2}
	EndGlobalSection
EndGlobal
